// !$*UTF8*$!
{
	archiveVersion = 1;
	classes = {
	};
	objectVersion = 46;
	objects = {

/* Begin PBXBuildFile section */
		D54A93521EC560B00002874A /* main.m in Sources */ = {isa = PBXBuildFile; fileRef = D54A93511EC560B00002874A /* main.m */; };
		D54A93551EC560B00002874A /* AppDelegate.m in Sources */ = {isa = PBXBuildFile; fileRef = D54A93541EC560B00002874A /* AppDelegate.m */; };
		D54A93581EC560B00002874A /* ViewController.m in Sources */ = {isa = PBXBuildFile; fileRef = D54A93571EC560B00002874A /* ViewController.m */; };
		D54A935B1EC560B00002874A /* Main.storyboard in Resources */ = {isa = PBXBuildFile; fileRef = D54A93591EC560B00002874A /* Main.storyboard */; };
		D54A935D1EC560B00002874A /* Assets.xcassets in Resources */ = {isa = PBXBuildFile; fileRef = D54A935C1EC560B00002874A /* Assets.xcassets */; };
		D54A93601EC560B00002874A /* LaunchScreen.storyboard in Resources */ = {isa = PBXBuildFile; fileRef = D54A935E1EC560B00002874A /* LaunchScreen.storyboard */; };
		D54A936B1EC560B00002874A /* ImagesTests.m in Sources */ = {isa = PBXBuildFile; fileRef = D54A936A1EC560B00002874A /* ImagesTests.m */; };
		D54A93761EC560B00002874A /* ImagesUITests.m in Sources */ = {isa = PBXBuildFile; fileRef = D54A93751EC560B00002874A /* ImagesUITests.m */; };
		D54A93A21EC586BB0002874A /* stream_loading.gif in Resources */ = {isa = PBXBuildFile; fileRef = D54A93A11EC586BB0002874A /* stream_loading.gif */; };
		D54A94141EC81CB50002874A /* UIImage+EasyImage.m in Sources */ = {isa = PBXBuildFile; fileRef = D54A93EB1EC81CB50002874A /* UIImage+EasyImage.m */; };
		D54A94151EC81CB50002874A /* UIImage+Header.m in Sources */ = {isa = PBXBuildFile; fileRef = D54A93ED1EC81CB50002874A /* UIImage+Header.m */; };
		D54A94161EC81CB50002874A /* UIImage+Transform.m in Sources */ = {isa = PBXBuildFile; fileRef = D54A93EF1EC81CB50002874A /* UIImage+Transform.m */; };
		D54A94171EC81CB50002874A /* EasyBothCache.m in Sources */ = {isa = PBXBuildFile; fileRef = D54A93F21EC81CB50002874A /* EasyBothCache.m */; };
		D54A94181EC81CB50002874A /* EasyDiskCache.m in Sources */ = {isa = PBXBuildFile; fileRef = D54A93F51EC81CB50002874A /* EasyDiskCache.m */; };
		D54A94191EC81CB50002874A /* EasyMemoryCache.m in Sources */ = {isa = PBXBuildFile; fileRef = D54A93F71EC81CB50002874A /* EasyMemoryCache.m */; };
		D54A941A1EC81CB50002874A /* EasyNonCache.m in Sources */ = {isa = PBXBuildFile; fileRef = D54A93F91EC81CB50002874A /* EasyNonCache.m */; };
		D54A941B1EC81CB50002874A /* EasyBigFileDownload.m in Sources */ = {isa = PBXBuildFile; fileRef = D54A93FC1EC81CB50002874A /* EasyBigFileDownload.m */; };
		D54A941C1EC81CB50002874A /* EasyProgress.m in Sources */ = {isa = PBXBuildFile; fileRef = D54A93FF1EC81CB50002874A /* EasyProgress.m */; };
		D54A941D1EC81CB50002874A /* EasyTinyFileDownload.m in Sources */ = {isa = PBXBuildFile; fileRef = D54A94011EC81CB50002874A /* EasyTinyFileDownload.m */; };
		D54A941E1EC81CB50002874A /* EasyConQueueManager.m in Sources */ = {isa = PBXBuildFile; fileRef = D54A94041EC81CB50002874A /* EasyConQueueManager.m */; };
		D54A941F1EC81CB50002874A /* EasySerialQueueManager.m in Sources */ = {isa = PBXBuildFile; fileRef = D54A94071EC81CB50002874A /* EasySerialQueueManager.m */; };
		D54A94201EC81CB50002874A /* EasyImageParas.m in Sources */ = {isa = PBXBuildFile; fileRef = D54A940B1EC81CB50002874A /* EasyImageParas.m */; };
		D54A94211EC81CB50002874A /* EasyCacheManager.m in Sources */ = {isa = PBXBuildFile; fileRef = D54A940E1EC81CB50002874A /* EasyCacheManager.m */; };
		D54A94221EC81CB50002874A /* UIImageView+EasyImage.m in Sources */ = {isa = PBXBuildFile; fileRef = D54A94121EC81CB50002874A /* UIImageView+EasyImage.m */; };
/* End PBXBuildFile section */

/* Begin PBXContainerItemProxy section */
		D54A93671EC560B00002874A /* PBXContainerItemProxy */ = {
			isa = PBXContainerItemProxy;
			containerPortal = D54A93451EC560B00002874A /* Project object */;
			proxyType = 1;
			remoteGlobalIDString = D54A934C1EC560B00002874A;
			remoteInfo = Images;
		};
		D54A93721EC560B00002874A /* PBXContainerItemProxy */ = {
			isa = PBXContainerItemProxy;
			containerPortal = D54A93451EC560B00002874A /* Project object */;
			proxyType = 1;
			remoteGlobalIDString = D54A934C1EC560B00002874A;
			remoteInfo = Images;
		};
/* End PBXContainerItemProxy section */

/* Begin PBXFileReference section */
		D54A934D1EC560B00002874A /* Images.app */ = {isa = PBXFileReference; explicitFileType = wrapper.application; includeInIndex = 0; path = Images.app; sourceTree = BUILT_PRODUCTS_DIR; };
		D54A93511EC560B00002874A /* main.m */ = {isa = PBXFileReference; lastKnownFileType = sourcecode.c.objc; path = main.m; sourceTree = "<group>"; };
		D54A93531EC560B00002874A /* AppDelegate.h */ = {isa = PBXFileReference; lastKnownFileType = sourcecode.c.h; path = AppDelegate.h; sourceTree = "<group>"; };
		D54A93541EC560B00002874A /* AppDelegate.m */ = {isa = PBXFileReference; lastKnownFileType = sourcecode.c.objc; path = AppDelegate.m; sourceTree = "<group>"; };
		D54A93561EC560B00002874A /* ViewController.h */ = {isa = PBXFileReference; lastKnownFileType = sourcecode.c.h; path = ViewController.h; sourceTree = "<group>"; };
		D54A93571EC560B00002874A /* ViewController.m */ = {isa = PBXFileReference; lastKnownFileType = sourcecode.c.objc; path = ViewController.m; sourceTree = "<group>"; };
		D54A935A1EC560B00002874A /* Base */ = {isa = PBXFileReference; lastKnownFileType = file.storyboard; name = Base; path = Base.lproj/Main.storyboard; sourceTree = "<group>"; };
		D54A935C1EC560B00002874A /* Assets.xcassets */ = {isa = PBXFileReference; lastKnownFileType = folder.assetcatalog; path = Assets.xcassets; sourceTree = "<group>"; };
		D54A935F1EC560B00002874A /* Base */ = {isa = PBXFileReference; lastKnownFileType = file.storyboard; name = Base; path = Base.lproj/LaunchScreen.storyboard; sourceTree = "<group>"; };
		D54A93611EC560B00002874A /* Info.plist */ = {isa = PBXFileReference; lastKnownFileType = text.plist.xml; path = Info.plist; sourceTree = "<group>"; };
		D54A93661EC560B00002874A /* ImagesTests.xctest */ = {isa = PBXFileReference; explicitFileType = wrapper.cfbundle; includeInIndex = 0; path = ImagesTests.xctest; sourceTree = BUILT_PRODUCTS_DIR; };
		D54A936A1EC560B00002874A /* ImagesTests.m */ = {isa = PBXFileReference; lastKnownFileType = sourcecode.c.objc; path = ImagesTests.m; sourceTree = "<group>"; };
		D54A936C1EC560B00002874A /* Info.plist */ = {isa = PBXFileReference; lastKnownFileType = text.plist.xml; path = Info.plist; sourceTree = "<group>"; };
		D54A93711EC560B00002874A /* ImagesUITests.xctest */ = {isa = PBXFileReference; explicitFileType = wrapper.cfbundle; includeInIndex = 0; path = ImagesUITests.xctest; sourceTree = BUILT_PRODUCTS_DIR; };
		D54A93751EC560B00002874A /* ImagesUITests.m */ = {isa = PBXFileReference; lastKnownFileType = sourcecode.c.objc; path = ImagesUITests.m; sourceTree = "<group>"; };
		D54A93771EC560B00002874A /* Info.plist */ = {isa = PBXFileReference; lastKnownFileType = text.plist.xml; path = Info.plist; sourceTree = "<group>"; };
		D54A93A11EC586BB0002874A /* stream_loading.gif */ = {isa = PBXFileReference; lastKnownFileType = image.gif; name = stream_loading.gif; path = ../../../stream_loading.gif; sourceTree = "<group>"; };
		D54A93E91EC81CB50002874A /* EasyLog.h */ = {isa = PBXFileReference; fileEncoding = 4; lastKnownFileType = sourcecode.c.h; path = EasyLog.h; sourceTree = "<group>"; };
		D54A93EA1EC81CB50002874A /* UIImage+EasyImage.h */ = {isa = PBXFileReference; fileEncoding = 4; lastKnownFileType = sourcecode.c.h; path = "UIImage+EasyImage.h"; sourceTree = "<group>"; };
		D54A93EB1EC81CB50002874A /* UIImage+EasyImage.m */ = {isa = PBXFileReference; fileEncoding = 4; lastKnownFileType = sourcecode.c.objc; path = "UIImage+EasyImage.m"; sourceTree = "<group>"; };
		D54A93EC1EC81CB50002874A /* UIImage+Header.h */ = {isa = PBXFileReference; fileEncoding = 4; lastKnownFileType = sourcecode.c.h; path = "UIImage+Header.h"; sourceTree = "<group>"; };
		D54A93ED1EC81CB50002874A /* UIImage+Header.m */ = {isa = PBXFileReference; fileEncoding = 4; lastKnownFileType = sourcecode.c.objc; path = "UIImage+Header.m"; sourceTree = "<group>"; };
		D54A93EE1EC81CB50002874A /* UIImage+Transform.h */ = {isa = PBXFileReference; fileEncoding = 4; lastKnownFileType = sourcecode.c.h; path = "UIImage+Transform.h"; sourceTree = "<group>"; };
		D54A93EF1EC81CB50002874A /* UIImage+Transform.m */ = {isa = PBXFileReference; fileEncoding = 4; lastKnownFileType = sourcecode.c.objc; path = "UIImage+Transform.m"; sourceTree = "<group>"; };
		D54A93F11EC81CB50002874A /* EasyBothCache.h */ = {isa = PBXFileReference; fileEncoding = 4; lastKnownFileType = sourcecode.c.h; path = EasyBothCache.h; sourceTree = "<group>"; };
		D54A93F21EC81CB50002874A /* EasyBothCache.m */ = {isa = PBXFileReference; fileEncoding = 4; lastKnownFileType = sourcecode.c.objc; path = EasyBothCache.m; sourceTree = "<group>"; };
		D54A93F31EC81CB50002874A /* EasyCacheProtocol.h */ = {isa = PBXFileReference; fileEncoding = 4; lastKnownFileType = sourcecode.c.h; path = EasyCacheProtocol.h; sourceTree = "<group>"; };
		D54A93F41EC81CB50002874A /* EasyDiskCache.h */ = {isa = PBXFileReference; fileEncoding = 4; lastKnownFileType = sourcecode.c.h; path = EasyDiskCache.h; sourceTree = "<group>"; };
		D54A93F51EC81CB50002874A /* EasyDiskCache.m */ = {isa = PBXFileReference; fileEncoding = 4; lastKnownFileType = sourcecode.c.objc; path = EasyDiskCache.m; sourceTree = "<group>"; };
		D54A93F61EC81CB50002874A /* EasyMemoryCache.h */ = {isa = PBXFileReference; fileEncoding = 4; lastKnownFileType = sourcecode.c.h; path = EasyMemoryCache.h; sourceTree = "<group>"; };
		D54A93F71EC81CB50002874A /* EasyMemoryCache.m */ = {isa = PBXFileReference; fileEncoding = 4; lastKnownFileType = sourcecode.c.objc; path = EasyMemoryCache.m; sourceTree = "<group>"; };
		D54A93F81EC81CB50002874A /* EasyNonCache.h */ = {isa = PBXFileReference; fileEncoding = 4; lastKnownFileType = sourcecode.c.h; path = EasyNonCache.h; sourceTree = "<group>"; };
		D54A93F91EC81CB50002874A /* EasyNonCache.m */ = {isa = PBXFileReference; fileEncoding = 4; lastKnownFileType = sourcecode.c.objc; path = EasyNonCache.m; sourceTree = "<group>"; };
		D54A93FB1EC81CB50002874A /* EasyBigFileDownload.h */ = {isa = PBXFileReference; fileEncoding = 4; lastKnownFileType = sourcecode.c.h; path = EasyBigFileDownload.h; sourceTree = "<group>"; };
		D54A93FC1EC81CB50002874A /* EasyBigFileDownload.m */ = {isa = PBXFileReference; fileEncoding = 4; lastKnownFileType = sourcecode.c.objc; path = EasyBigFileDownload.m; sourceTree = "<group>"; };
		D54A93FD1EC81CB50002874A /* EasyDownloadProtocol.h */ = {isa = PBXFileReference; fileEncoding = 4; lastKnownFileType = sourcecode.c.h; path = EasyDownloadProtocol.h; sourceTree = "<group>"; };
		D54A93FE1EC81CB50002874A /* EasyProgress.h */ = {isa = PBXFileReference; fileEncoding = 4; lastKnownFileType = sourcecode.c.h; path = EasyProgress.h; sourceTree = "<group>"; };
		D54A93FF1EC81CB50002874A /* EasyProgress.m */ = {isa = PBXFileReference; fileEncoding = 4; lastKnownFileType = sourcecode.c.objc; path = EasyProgress.m; sourceTree = "<group>"; };
		D54A94001EC81CB50002874A /* EasyTinyFileDownload.h */ = {isa = PBXFileReference; fileEncoding = 4; lastKnownFileType = sourcecode.c.h; path = EasyTinyFileDownload.h; sourceTree = "<group>"; };
		D54A94011EC81CB50002874A /* EasyTinyFileDownload.m */ = {isa = PBXFileReference; fileEncoding = 4; lastKnownFileType = sourcecode.c.objc; path = EasyTinyFileDownload.m; sourceTree = "<group>"; };
		D54A94031EC81CB50002874A /* EasyConQueueManager.h */ = {isa = PBXFileReference; fileEncoding = 4; lastKnownFileType = sourcecode.c.h; path = EasyConQueueManager.h; sourceTree = "<group>"; };
		D54A94041EC81CB50002874A /* EasyConQueueManager.m */ = {isa = PBXFileReference; fileEncoding = 4; lastKnownFileType = sourcecode.c.objc; path = EasyConQueueManager.m; sourceTree = "<group>"; };
		D54A94051EC81CB50002874A /* EasyQueueProtocol.h */ = {isa = PBXFileReference; fileEncoding = 4; lastKnownFileType = sourcecode.c.h; path = EasyQueueProtocol.h; sourceTree = "<group>"; };
		D54A94061EC81CB50002874A /* EasySerialQueueManager.h */ = {isa = PBXFileReference; fileEncoding = 4; lastKnownFileType = sourcecode.c.h; path = EasySerialQueueManager.h; sourceTree = "<group>"; };
		D54A94071EC81CB50002874A /* EasySerialQueueManager.m */ = {isa = PBXFileReference; fileEncoding = 4; lastKnownFileType = sourcecode.c.objc; path = EasySerialQueueManager.m; sourceTree = "<group>"; };
		D54A94091EC81CB50002874A /* EasyImageParaProtocol.h */ = {isa = PBXFileReference; fileEncoding = 4; lastKnownFileType = sourcecode.c.h; path = EasyImageParaProtocol.h; sourceTree = "<group>"; };
		D54A940A1EC81CB50002874A /* EasyImageParas.h */ = {isa = PBXFileReference; fileEncoding = 4; lastKnownFileType = sourcecode.c.h; path = EasyImageParas.h; sourceTree = "<group>"; };
		D54A940B1EC81CB50002874A /* EasyImageParas.m */ = {isa = PBXFileReference; fileEncoding = 4; lastKnownFileType = sourcecode.c.objc; path = EasyImageParas.m; sourceTree = "<group>"; };
		D54A940D1EC81CB50002874A /* EasyCacheManager.h */ = {isa = PBXFileReference; fileEncoding = 4; lastKnownFileType = sourcecode.c.h; path = EasyCacheManager.h; sourceTree = "<group>"; };
		D54A940E1EC81CB50002874A /* EasyCacheManager.m */ = {isa = PBXFileReference; fileEncoding = 4; lastKnownFileType = sourcecode.c.objc; path = EasyCacheManager.m; sourceTree = "<group>"; };
		D54A940F1EC81CB50002874A /* EasyImage.h */ = {isa = PBXFileReference; fileEncoding = 4; lastKnownFileType = sourcecode.c.h; path = EasyImage.h; sourceTree = "<group>"; };
		D54A94101EC81CB50002874A /* EasyParaObjectProtocol.h */ = {isa = PBXFileReference; fileEncoding = 4; lastKnownFileType = sourcecode.c.h; path = EasyParaObjectProtocol.h; sourceTree = "<group>"; };
		D54A94111EC81CB50002874A /* UIImageView+EasyImage.h */ = {isa = PBXFileReference; fileEncoding = 4; lastKnownFileType = sourcecode.c.h; path = "UIImageView+EasyImage.h"; sourceTree = "<group>"; };
		D54A94121EC81CB50002874A /* UIImageView+EasyImage.m */ = {isa = PBXFileReference; fileEncoding = 4; lastKnownFileType = sourcecode.c.objc; path = "UIImageView+EasyImage.m"; sourceTree = "<group>"; };
/* End PBXFileReference section */

/* Begin PBXFrameworksBuildPhase section */
		D54A934A1EC560B00002874A /* Frameworks */ = {
			isa = PBXFrameworksBuildPhase;
			buildActionMask = 2147483647;
			files = (
			);
			runOnlyForDeploymentPostprocessing = 0;
		};
		D54A93631EC560B00002874A /* Frameworks */ = {
			isa = PBXFrameworksBuildPhase;
			buildActionMask = 2147483647;
			files = (
			);
			runOnlyForDeploymentPostprocessing = 0;
		};
		D54A936E1EC560B00002874A /* Frameworks */ = {
			isa = PBXFrameworksBuildPhase;
			buildActionMask = 2147483647;
			files = (
			);
			runOnlyForDeploymentPostprocessing = 0;
		};
/* End PBXFrameworksBuildPhase section */

/* Begin PBXGroup section */
		D54A93441EC560B00002874A = {
			isa = PBXGroup;
			children = (
				D54A934F1EC560B00002874A /* Images */,
				D54A93691EC560B00002874A /* ImagesTests */,
				D54A93741EC560B00002874A /* ImagesUITests */,
				D54A934E1EC560B00002874A /* Products */,
			);
			sourceTree = "<group>";
		};
		D54A934E1EC560B00002874A /* Products */ = {
			isa = PBXGroup;
			children = (
				D54A934D1EC560B00002874A /* Images.app */,
				D54A93661EC560B00002874A /* ImagesTests.xctest */,
				D54A93711EC560B00002874A /* ImagesUITests.xctest */,
			);
			name = Products;
			sourceTree = "<group>";
		};
		D54A934F1EC560B00002874A /* Images */ = {
			isa = PBXGroup;
			children = (
				D54A93E81EC81CB50002874A /* EasyNetAdditions */,
				D54A93F01EC81CB50002874A /* EasyNetCache */,
				D54A93FA1EC81CB50002874A /* EasyNetDownload */,
				D54A94021EC81CB50002874A /* EasyNetGCDQueue */,
				D54A94081EC81CB50002874A /* EasyNetParaObject */,
				D54A940C1EC81CB50002874A /* EasyNetPublic */,
				D54A94131EC81CB50002874A /* EasyNetUpload */,
				D54A93531EC560B00002874A /* AppDelegate.h */,
				D54A93541EC560B00002874A /* AppDelegate.m */,
				D54A93A11EC586BB0002874A /* stream_loading.gif */,
				D54A93561EC560B00002874A /* ViewController.h */,
				D54A93571EC560B00002874A /* ViewController.m */,
				D54A93591EC560B00002874A /* Main.storyboard */,
				D54A935C1EC560B00002874A /* Assets.xcassets */,
				D54A935E1EC560B00002874A /* LaunchScreen.storyboard */,
				D54A93611EC560B00002874A /* Info.plist */,
				D54A93501EC560B00002874A /* Supporting Files */,
			);
			path = Images;
			sourceTree = "<group>";
		};
		D54A93501EC560B00002874A /* Supporting Files */ = {
			isa = PBXGroup;
			children = (
				D54A93511EC560B00002874A /* main.m */,
			);
			name = "Supporting Files";
			sourceTree = "<group>";
		};
		D54A93691EC560B00002874A /* ImagesTests */ = {
			isa = PBXGroup;
			children = (
				D54A936A1EC560B00002874A /* ImagesTests.m */,
				D54A936C1EC560B00002874A /* Info.plist */,
			);
			path = ImagesTests;
			sourceTree = "<group>";
		};
		D54A93741EC560B00002874A /* ImagesUITests */ = {
			isa = PBXGroup;
			children = (
				D54A93751EC560B00002874A /* ImagesUITests.m */,
				D54A93771EC560B00002874A /* Info.plist */,
			);
			path = ImagesUITests;
			sourceTree = "<group>";
		};
		D54A93E81EC81CB50002874A /* EasyNetAdditions */ = {
			isa = PBXGroup;
			children = (
				D54A93E91EC81CB50002874A /* EasyLog.h */,
				D54A93EA1EC81CB50002874A /* UIImage+EasyImage.h */,
				D54A93EB1EC81CB50002874A /* UIImage+EasyImage.m */,
				D54A93EC1EC81CB50002874A /* UIImage+Header.h */,
				D54A93ED1EC81CB50002874A /* UIImage+Header.m */,
				D54A93EE1EC81CB50002874A /* UIImage+Transform.h */,
				D54A93EF1EC81CB50002874A /* UIImage+Transform.m */,
			);
			name = EasyNetAdditions;
			path = ../../EasyNetAdditions;
			sourceTree = "<group>";
		};
		D54A93F01EC81CB50002874A /* EasyNetCache */ = {
			isa = PBXGroup;
			children = (
				D54A93F11EC81CB50002874A /* EasyBothCache.h */,
				D54A93F21EC81CB50002874A /* EasyBothCache.m */,
				D54A93F31EC81CB50002874A /* EasyCacheProtocol.h */,
				D54A93F41EC81CB50002874A /* EasyDiskCache.h */,
				D54A93F51EC81CB50002874A /* EasyDiskCache.m */,
				D54A93F61EC81CB50002874A /* EasyMemoryCache.h */,
				D54A93F71EC81CB50002874A /* EasyMemoryCache.m */,
				D54A93F81EC81CB50002874A /* EasyNonCache.h */,
				D54A93F91EC81CB50002874A /* EasyNonCache.m */,
			);
			name = EasyNetCache;
			path = ../../EasyNetCache;
			sourceTree = "<group>";
		};
		D54A93FA1EC81CB50002874A /* EasyNetDownload */ = {
			isa = PBXGroup;
			children = (
				D54A93FB1EC81CB50002874A /* EasyBigFileDownload.h */,
				D54A93FC1EC81CB50002874A /* EasyBigFileDownload.m */,
				D54A93FD1EC81CB50002874A /* EasyDownloadProtocol.h */,
				D54A93FE1EC81CB50002874A /* EasyProgress.h */,
				D54A93FF1EC81CB50002874A /* EasyProgress.m */,
				D54A94001EC81CB50002874A /* EasyTinyFileDownload.h */,
				D54A94011EC81CB50002874A /* EasyTinyFileDownload.m */,
			);
			name = EasyNetDownload;
			path = ../../EasyNetDownload;
			sourceTree = "<group>";
		};
		D54A94021EC81CB50002874A /* EasyNetGCDQueue */ = {
			isa = PBXGroup;
			children = (
				D54A94031EC81CB50002874A /* EasyConQueueManager.h */,
				D54A94041EC81CB50002874A /* EasyConQueueManager.m */,
				D54A94051EC81CB50002874A /* EasyQueueProtocol.h */,
				D54A94061EC81CB50002874A /* EasySerialQueueManager.h */,
				D54A94071EC81CB50002874A /* EasySerialQueueManager.m */,
			);
			name = EasyNetGCDQueue;
			path = ../../EasyNetGCDQueue;
			sourceTree = "<group>";
		};
		D54A94081EC81CB50002874A /* EasyNetParaObject */ = {
			isa = PBXGroup;
			children = (
				D54A94091EC81CB50002874A /* EasyImageParaProtocol.h */,
				D54A940A1EC81CB50002874A /* EasyImageParas.h */,
				D54A940B1EC81CB50002874A /* EasyImageParas.m */,
			);
			name = EasyNetParaObject;
			path = ../../EasyNetParaObject;
			sourceTree = "<group>";
		};
		D54A940C1EC81CB50002874A /* EasyNetPublic */ = {
			isa = PBXGroup;
			children = (
				D54A940D1EC81CB50002874A /* EasyCacheManager.h */,
				D54A940E1EC81CB50002874A /* EasyCacheManager.m */,
				D54A940F1EC81CB50002874A /* EasyImage.h */,
				D54A94101EC81CB50002874A /* EasyParaObjectProtocol.h */,
				D54A94111EC81CB50002874A /* UIImageView+EasyImage.h */,
				D54A94121EC81CB50002874A /* UIImageView+EasyImage.m */,
			);
			name = EasyNetPublic;
			path = ../../EasyNetPublic;
			sourceTree = "<group>";
		};
		D54A94131EC81CB50002874A /* EasyNetUpload */ = {
			isa = PBXGroup;
			children = (
			);
			name = EasyNetUpload;
			path = ../../EasyNetUpload;
			sourceTree = "<group>";
		};
/* End PBXGroup section */

/* Begin PBXNativeTarget section */
		D54A934C1EC560B00002874A /* Images */ = {
			isa = PBXNativeTarget;
			buildConfigurationList = D54A937A1EC560B00002874A /* Build configuration list for PBXNativeTarget "Images" */;
			buildPhases = (
				D54A93491EC560B00002874A /* Sources */,
				D54A934A1EC560B00002874A /* Frameworks */,
				D54A934B1EC560B00002874A /* Resources */,
			);
			buildRules = (
			);
			dependencies = (
			);
			name = Images;
			productName = Images;
			productReference = D54A934D1EC560B00002874A /* Images.app */;
			productType = "com.apple.product-type.application";
		};
		D54A93651EC560B00002874A /* ImagesTests */ = {
			isa = PBXNativeTarget;
			buildConfigurationList = D54A937D1EC560B00002874A /* Build configuration list for PBXNativeTarget "ImagesTests" */;
			buildPhases = (
				D54A93621EC560B00002874A /* Sources */,
				D54A93631EC560B00002874A /* Frameworks */,
				D54A93641EC560B00002874A /* Resources */,
			);
			buildRules = (
			);
			dependencies = (
				D54A93681EC560B00002874A /* PBXTargetDependency */,
			);
			name = ImagesTests;
			productName = ImagesTests;
			productReference = D54A93661EC560B00002874A /* ImagesTests.xctest */;
			productType = "com.apple.product-type.bundle.unit-test";
		};
		D54A93701EC560B00002874A /* ImagesUITests */ = {
			isa = PBXNativeTarget;
			buildConfigurationList = D54A93801EC560B00002874A /* Build configuration list for PBXNativeTarget "ImagesUITests" */;
			buildPhases = (
				D54A936D1EC560B00002874A /* Sources */,
				D54A936E1EC560B00002874A /* Frameworks */,
				D54A936F1EC560B00002874A /* Resources */,
			);
			buildRules = (
			);
			dependencies = (
				D54A93731EC560B00002874A /* PBXTargetDependency */,
			);
			name = ImagesUITests;
			productName = ImagesUITests;
			productReference = D54A93711EC560B00002874A /* ImagesUITests.xctest */;
			productType = "com.apple.product-type.bundle.ui-testing";
		};
/* End PBXNativeTarget section */

/* Begin PBXProject section */
		D54A93451EC560B00002874A /* Project object */ = {
			isa = PBXProject;
			attributes = {
				LastUpgradeCheck = 0820;
				ORGANIZATIONNAME = DuduWang;
				TargetAttributes = {
					D54A934C1EC560B00002874A = {
						CreatedOnToolsVersion = 8.2.1;
						ProvisioningStyle = Automatic;
					};
					D54A93651EC560B00002874A = {
						CreatedOnToolsVersion = 8.2.1;
						ProvisioningStyle = Automatic;
						TestTargetID = D54A934C1EC560B00002874A;
					};
					D54A93701EC560B00002874A = {
						CreatedOnToolsVersion = 8.2.1;
						ProvisioningStyle = Automatic;
						TestTargetID = D54A934C1EC560B00002874A;
					};
				};
			};
			buildConfigurationList = D54A93481EC560B00002874A /* Build configuration list for PBXProject "Images" */;
			compatibilityVersion = "Xcode 3.2";
			developmentRegion = English;
			hasScannedForEncodings = 0;
			knownRegions = (
				en,
				Base,
			);
			mainGroup = D54A93441EC560B00002874A;
			productRefGroup = D54A934E1EC560B00002874A /* Products */;
			projectDirPath = "";
			projectRoot = "";
			targets = (
				D54A934C1EC560B00002874A /* Images */,
				D54A93651EC560B00002874A /* ImagesTests */,
				D54A93701EC560B00002874A /* ImagesUITests */,
			);
		};
/* End PBXProject section */

/* Begin PBXResourcesBuildPhase section */
		D54A934B1EC560B00002874A /* Resources */ = {
			isa = PBXResourcesBuildPhase;
			buildActionMask = 2147483647;
			files = (
				D54A93601EC560B00002874A /* LaunchScreen.storyboard in Resources */,
				D54A935D1EC560B00002874A /* Assets.xcassets in Resources */,
				D54A935B1EC560B00002874A /* Main.storyboard in Resources */,
				D54A93A21EC586BB0002874A /* stream_loading.gif in Resources */,
			);
			runOnlyForDeploymentPostprocessing = 0;
		};
		D54A93641EC560B00002874A /* Resources */ = {
			isa = PBXResourcesBuildPhase;
			buildActionMask = 2147483647;
			files = (
			);
			runOnlyForDeploymentPostprocessing = 0;
		};
		D54A936F1EC560B00002874A /* Resources */ = {
			isa = PBXResourcesBuildPhase;
			buildActionMask = 2147483647;
			files = (
			);
			runOnlyForDeploymentPostprocessing = 0;
		};
/* End PBXResourcesBuildPhase section */

/* Begin PBXSourcesBuildPhase section */
		D54A93491EC560B00002874A /* Sources */ = {
			isa = PBXSourcesBuildPhase;
			buildActionMask = 2147483647;
			files = (
				D54A941E1EC81CB50002874A /* EasyConQueueManager.m in Sources */,
				D54A941C1EC81CB50002874A /* EasyProgress.m in Sources */,
				D54A93581EC560B00002874A /* ViewController.m in Sources */,
				D54A93551EC560B00002874A /* AppDelegate.m in Sources */,
				D54A94161EC81CB50002874A /* UIImage+Transform.m in Sources */,
				D54A94181EC81CB50002874A /* EasyDiskCache.m in Sources */,
				D54A93521EC560B00002874A /* main.m in Sources */,
				D54A94211EC81CB50002874A /* EasyCacheManager.m in Sources */,
				D54A94221EC81CB50002874A /* UIImageView+EasyImage.m in Sources */,
				D54A94201EC81CB50002874A /* EasyImageParas.m in Sources */,
				D54A941B1EC81CB50002874A /* EasyBigFileDownload.m in Sources */,
				D54A941D1EC81CB50002874A /* EasyTinyFileDownload.m in Sources */,
				D54A941F1EC81CB50002874A /* EasySerialQueueManager.m in Sources */,
				D54A94151EC81CB50002874A /* UIImage+Header.m in Sources */,
				D54A94141EC81CB50002874A /* UIImage+EasyImage.m in Sources */,
				D54A94191EC81CB50002874A /* EasyMemoryCache.m in Sources */,
				D54A941A1EC81CB50002874A /* EasyNonCache.m in Sources */,
				D54A94171EC81CB50002874A /* EasyBothCache.m in Sources */,
			);
			runOnlyForDeploymentPostprocessing = 0;
		};
		D54A93621EC560B00002874A /* Sources */ = {
			isa = PBXSourcesBuildPhase;
			buildActionMask = 2147483647;
			files = (
				D54A936B1EC560B00002874A /* ImagesTests.m in Sources */,
			);
			runOnlyForDeploymentPostprocessing = 0;
		};
		D54A936D1EC560B00002874A /* Sources */ = {
			isa = PBXSourcesBuildPhase;
			buildActionMask = 2147483647;
			files = (
				D54A93761EC560B00002874A /* ImagesUITests.m in Sources */,
			);
			runOnlyForDeploymentPostprocessing = 0;
		};
/* End PBXSourcesBuildPhase section */

/* Begin PBXTargetDependency section */
		D54A93681EC560B00002874A /* PBXTargetDependency */ = {
			isa = PBXTargetDependency;
			target = D54A934C1EC560B00002874A /* Images */;
			targetProxy = D54A93671EC560B00002874A /* PBXContainerItemProxy */;
		};
		D54A93731EC560B00002874A /* PBXTargetDependency */ = {
			isa = PBXTargetDependency;
			target = D54A934C1EC560B00002874A /* Images */;
			targetProxy = D54A93721EC560B00002874A /* PBXContainerItemProxy */;
		};
/* End PBXTargetDependency section */

/* Begin PBXVariantGroup section */
		D54A93591EC560B00002874A /* Main.storyboard */ = {
			isa = PBXVariantGroup;
			children = (
				D54A935A1EC560B00002874A /* Base */,
			);
			name = Main.storyboard;
			sourceTree = "<group>";
		};
		D54A935E1EC560B00002874A /* LaunchScreen.storyboard */ = {
			isa = PBXVariantGroup;
			children = (
				D54A935F1EC560B00002874A /* Base */,
			);
			name = LaunchScreen.storyboard;
			sourceTree = "<group>";
		};
/* End PBXVariantGroup section */

/* Begin XCBuildConfiguration section */
		D54A93781EC560B00002874A /* Debug */ = {
			isa = XCBuildConfiguration;
			buildSettings = {
				ALWAYS_SEARCH_USER_PATHS = NO;
				CLANG_ANALYZER_NONNULL = YES;
				CLANG_CXX_LANGUAGE_STANDARD = "gnu++0x";
				CLANG_CXX_LIBRARY = "libc++";
				CLANG_ENABLE_MODULES = YES;
				CLANG_ENABLE_OBJC_ARC = YES;
				CLANG_WARN_BOOL_CONVERSION = YES;
				CLANG_WARN_CONSTANT_CONVERSION = YES;
				CLANG_WARN_DIRECT_OBJC_ISA_USAGE = YES_ERROR;
				CLANG_WARN_DOCUMENTATION_COMMENTS = YES;
				CLANG_WARN_EMPTY_BODY = YES;
				CLANG_WARN_ENUM_CONVERSION = YES;
				CLANG_WARN_INFINITE_RECURSION = YES;
				CLANG_WARN_INT_CONVERSION = YES;
				CLANG_WARN_OBJC_ROOT_CLASS = YES_ERROR;
				CLANG_WARN_SUSPICIOUS_MOVE = YES;
				CLANG_WARN_UNREACHABLE_CODE = YES;
				CLANG_WARN__DUPLICATE_METHOD_MATCH = YES;
				"CODE_SIGN_IDENTITY[sdk=iphoneos*]" = "iPhone Developer";
				COPY_PHASE_STRIP = NO;
				DEBUG_INFORMATION_FORMAT = dwarf;
				ENABLE_STRICT_OBJC_MSGSEND = YES;
				ENABLE_TESTABILITY = YES;
				GCC_C_LANGUAGE_STANDARD = gnu99;
				GCC_DYNAMIC_NO_PIC = NO;
				GCC_NO_COMMON_BLOCKS = YES;
				GCC_OPTIMIZATION_LEVEL = 0;
				GCC_PREPROCESSOR_DEFINITIONS = (
					"DEBUG=1",
					"$(inherited)",
				);
				GCC_WARN_64_TO_32_BIT_CONVERSION = YES;
				GCC_WARN_ABOUT_RETURN_TYPE = YES_ERROR;
				GCC_WARN_UNDECLARED_SELECTOR = YES;
				GCC_WARN_UNINITIALIZED_AUTOS = YES_AGGRESSIVE;
				GCC_WARN_UNUSED_FUNCTION = YES;
				GCC_WARN_UNUSED_VARIABLE = YES;
				IPHONEOS_DEPLOYMENT_TARGET = 10.2;
				MTL_ENABLE_DEBUG_INFO = YES;
				ONLY_ACTIVE_ARCH = YES;
				SDKROOT = iphoneos;
			};
			name = Debug;
		};
		D54A93791EC560B00002874A /* Release */ = {
			isa = XCBuildConfiguration;
			buildSettings = {
				ALWAYS_SEARCH_USER_PATHS = NO;
				CLANG_ANALYZER_NONNULL = YES;
				CLANG_CXX_LANGUAGE_STANDARD = "gnu++0x";
				CLANG_CXX_LIBRARY = "libc++";
				CLANG_ENABLE_MODULES = YES;
				CLANG_ENABLE_OBJC_ARC = YES;
				CLANG_WARN_BOOL_CONVERSION = YES;
				CLANG_WARN_CONSTANT_CONVERSION = YES;
				CLANG_WARN_DIRECT_OBJC_ISA_USAGE = YES_ERROR;
				CLANG_WARN_DOCUMENTATION_COMMENTS = YES;
				CLANG_WARN_EMPTY_BODY = YES;
				CLANG_WARN_ENUM_CONVERSION = YES;
				CLANG_WARN_INFINITE_RECURSION = YES;
				CLANG_WARN_INT_CONVERSION = YES;
				CLANG_WARN_OBJC_ROOT_CLASS = YES_ERROR;
				CLANG_WARN_SUSPICIOUS_MOVE = YES;
				CLANG_WARN_UNREACHABLE_CODE = YES;
				CLANG_WARN__DUPLICATE_METHOD_MATCH = YES;
				"CODE_SIGN_IDENTITY[sdk=iphoneos*]" = "iPhone Developer";
				COPY_PHASE_STRIP = NO;
				DEBUG_INFORMATION_FORMAT = "dwarf-with-dsym";
				ENABLE_NS_ASSERTIONS = NO;
				ENABLE_STRICT_OBJC_MSGSEND = YES;
				GCC_C_LANGUAGE_STANDARD = gnu99;
				GCC_NO_COMMON_BLOCKS = YES;
				GCC_WARN_64_TO_32_BIT_CONVERSION = YES;
				GCC_WARN_ABOUT_RETURN_TYPE = YES_ERROR;
				GCC_WARN_UNDECLARED_SELECTOR = YES;
				GCC_WARN_UNINITIALIZED_AUTOS = YES_AGGRESSIVE;
				GCC_WARN_UNUSED_FUNCTION = YES;
				GCC_WARN_UNUSED_VARIABLE = YES;
				IPHONEOS_DEPLOYMENT_TARGET = 10.2;
				MTL_ENABLE_DEBUG_INFO = NO;
				SDKROOT = iphoneos;
				VALIDATE_PRODUCT = YES;
			};
			name = Release;
		};
		D54A937B1EC560B00002874A /* Debug */ = {
			isa = XCBuildConfiguration;
			buildSettings = {
				ASSETCATALOG_COMPILER_APPICON_NAME = AppIcon;
				INFOPLIST_FILE = Images/Info.plist;
				LD_RUNPATH_SEARCH_PATHS = "$(inherited) @executable_path/Frameworks";
				PRODUCT_BUNDLE_IDENTIFIER = DuduWang.Images;
				PRODUCT_NAME = "$(TARGET_NAME)";
			};
			name = Debug;
		};
		D54A937C1EC560B00002874A /* Release */ = {
			isa = XCBuildConfiguration;
			buildSettings = {
				ASSETCATALOG_COMPILER_APPICON_NAME = AppIcon;
				INFOPLIST_FILE = Images/Info.plist;
				LD_RUNPATH_SEARCH_PATHS = "$(inherited) @executable_path/Frameworks";
				PRODUCT_BUNDLE_IDENTIFIER = DuduWang.Images;
				PRODUCT_NAME = "$(TARGET_NAME)";
			};
			name = Release;
		};
		D54A937E1EC560B00002874A /* Debug */ = {
			isa = XCBuildConfiguration;
			buildSettings = {
				BUNDLE_LOADER = "$(TEST_HOST)";
				INFOPLIST_FILE = ImagesTests/Info.plist;
				LD_RUNPATH_SEARCH_PATHS = "$(inherited) @executable_path/Frameworks @loader_path/Frameworks";
				PRODUCT_BUNDLE_IDENTIFIER = DuduWang.ImagesTests;
				PRODUCT_NAME = "$(TARGET_NAME)";
				TEST_HOST = "$(BUILT_PRODUCTS_DIR)/Images.app/Images";
			};
			name = Debug;
		};
		D54A937F1EC560B00002874A /* Release */ = {
			isa = XCBuildConfiguration;
			buildSettings = {
				BUNDLE_LOADER = "$(TEST_HOST)";
				INFOPLIST_FILE = ImagesTests/Info.plist;
				LD_RUNPATH_SEARCH_PATHS = "$(inherited) @executable_path/Frameworks @loader_path/Frameworks";
				PRODUCT_BUNDLE_IDENTIFIER = DuduWang.ImagesTests;
				PRODUCT_NAME = "$(TARGET_NAME)";
				TEST_HOST = "$(BUILT_PRODUCTS_DIR)/Images.app/Images";
			};
			name = Release;
		};
		D54A93811EC560B00002874A /* Debug */ = {
			isa = XCBuildConfiguration;
			buildSettings = {
				INFOPLIST_FILE = ImagesUITests/Info.plist;
				LD_RUNPATH_SEARCH_PATHS = "$(inherited) @executable_path/Frameworks @loader_path/Frameworks";
				PRODUCT_BUNDLE_IDENTIFIER = DuduWang.ImagesUITests;
				PRODUCT_NAME = "$(TARGET_NAME)";
				TEST_TARGET_NAME = Images;
			};
			name = Debug;
		};
		D54A93821EC560B00002874A /* Release */ = {
			isa = XCBuildConfiguration;
			buildSettings = {
				INFOPLIST_FILE = ImagesUITests/Info.plist;
				LD_RUNPATH_SEARCH_PATHS = "$(inherited) @executable_path/Frameworks @loader_path/Frameworks";
				PRODUCT_BUNDLE_IDENTIFIER = DuduWang.ImagesUITests;
				PRODUCT_NAME = "$(TARGET_NAME)";
				TEST_TARGET_NAME = Images;
			};
			name = Release;
		};
/* End XCBuildConfiguration section */

/* Begin XCConfigurationList section */
		D54A93481EC560B00002874A /* Build configuration list for PBXProject "Images" */ = {
			isa = XCConfigurationList;
			buildConfigurations = (
				D54A93781EC560B00002874A /* Debug */,
				D54A93791EC560B00002874A /* Release */,
			);
			defaultConfigurationIsVisible = 0;
			defaultConfigurationName = Release;
		};
		D54A937A1EC560B00002874A /* Build configuration list for PBXNativeTarget "Images" */ = {
			isa = XCConfigurationList;
			buildConfigurations = (
				D54A937B1EC560B00002874A /* Debug */,
				D54A937C1EC560B00002874A /* Release */,
			);
			defaultConfigurationIsVisible = 0;
			defaultConfigurationName = Release;
		};
		D54A937D1EC560B00002874A /* Build configuration list for PBXNativeTarget "ImagesTests" */ = {
			isa = XCConfigurationList;
			buildConfigurations = (
				D54A937E1EC560B00002874A /* Debug */,
				D54A937F1EC560B00002874A /* Release */,
			);
			defaultConfigurationIsVisible = 0;
			defaultConfigurationName = Release;
		};
		D54A93801EC560B00002874A /* Build configuration list for PBXNativeTarget "ImagesUITests" */ = {
			isa = XCConfigurationList;
			buildConfigurations = (
				D54A93811EC560B00002874A /* Debug */,
				D54A93821EC560B00002874A /* Release */,
			);
			defaultConfigurationIsVisible = 0;
			defaultConfigurationName = Release;
		};
/* End XCConfigurationList section */
	};
	rootObject = D54A93451EC560B00002874A /* Project object */;
}
